
Microsoft Visual Studio Solution File, Format Version 12.00
# Visual Studio 2012
Project("{A0786B88-2ADB-4C21-ABE8-AA2D79766269}") = "registration", "registration.phpproj", "{D3CC6741-D833-4BCE-8C1D-50C9D2B11ED6}"
EndProject
Global
	GlobalSection(SolutionConfigurationPlatforms) = preSolution
		Debug|Any CPU = Debug|Any CPU
		Release|Any CPU = Release|Any CPU
	EndGlobalSection
	GlobalSection(ProjectConfigurationPlatforms) = postSolution
		{D3CC6741-D833-4BCE-8C1D-50C9D2B11ED6}.Debug|Any CPU.ActiveCfg = Debug|Any CPU
		{D3CC6741-D833-4BCE-8C1D-50C9D2B11ED6}.Debug|Any CPU.Build.0 = Debug|Any CPU
		{D3CC6741-D833-4BCE-8C1D-50C9D2B11ED6}.Release|Any CPU.ActiveCfg = Release|Any CPU
		{D3CC6741-D833-4BCE-8C1D-50C9D2B11ED6}.Release|Any CPU.Build.0 = Release|Any CPU
	EndGlobalSection
	GlobalSection(SolutionProperties) = preSolution
		HideSolutionNode = FALSE
	EndGlobalSection
EndGlobal
